
Microsoft Visual Studio Solution File, Format Version 11.00
# Visual Studio 2010
Project("{FAE04EC0-301F-11D3-BF4B-00C04F79EFBC}") = "plant-structure-vr", "Assembly-CSharp.csproj", "{2F6682E0-A2FE-D3BD-7912-37C8075AB689}"
EndProject
Project("{FAE04EC0-301F-11D3-BF4B-00C04F79EFBC}") = "plant-structure-vr", "Assembly-CSharp-Editor.csproj", "{190970E7-36D4-9E26-6AC7-3B310C8ED53D}"
EndProject
Global
	GlobalSection(SolutionConfigurationPlatforms) = preSolution
		Debug|Any CPU = Debug|Any CPU
		Release|Any CPU = Release|Any CPU
	EndGlobalSection
	GlobalSection(ProjectConfigurationPlatforms) = postSolution
		{2F6682E0-A2FE-D3BD-7912-37C8075AB689}.Debug|Any CPU.ActiveCfg = Debug|Any CPU
		{2F6682E0-A2FE-D3BD-7912-37C8075AB689}.Debug|Any CPU.Build.0 = Debug|Any CPU
		{2F6682E0-A2FE-D3BD-7912-37C8075AB689}.Release|Any CPU.ActiveCfg = Release|Any CPU
		{2F6682E0-A2FE-D3BD-7912-37C8075AB689}.Release|Any CPU.Build.0 = Release|Any CPU
		{190970E7-36D4-9E26-6AC7-3B310C8ED53D}.Debug|Any CPU.ActiveCfg = Debug|Any CPU
		{190970E7-36D4-9E26-6AC7-3B310C8ED53D}.Debug|Any CPU.Build.0 = Debug|Any CPU
		{190970E7-36D4-9E26-6AC7-3B310C8ED53D}.Release|Any CPU.ActiveCfg = Release|Any CPU
		{190970E7-36D4-9E26-6AC7-3B310C8ED53D}.Release|Any CPU.Build.0 = Release|Any CPU
	EndGlobalSection
	GlobalSection(SolutionProperties) = preSolution
		HideSolutionNode = FALSE
	EndGlobalSection
	GlobalSection(MonoDevelopProperties) = preSolution
		StartupItem = Assembly-CSharp.csproj
	EndGlobalSection
EndGlobal
